// !$*UTF8*$!
{
	archiveVersion = 1;
	classes = {
	};
	objectVersion = 50;
	objects = {

/* Begin PBXBuildFile section */
		49B8C18625E6D2D900229164 /* AppDelegate.swift in Sources */ = {isa = PBXBuildFile; fileRef = 49B8C18525E6D2D900229164 /* AppDelegate.swift */; };
		49B8C18825E6D2D900229164 /* SceneDelegate.swift in Sources */ = {isa = PBXBuildFile; fileRef = 49B8C18725E6D2D900229164 /* SceneDelegate.swift */; };
		49B8C18A25E6D2D900229164 /* ViewController.swift in Sources */ = {isa = PBXBuildFile; fileRef = 49B8C18925E6D2D900229164 /* ViewController.swift */; };
		49B8C18D25E6D2D900229164 /* Main.storyboard in Resources */ = {isa = PBXBuildFile; fileRef = 49B8C18B25E6D2D900229164 /* Main.storyboard */; };
		49B8C19025E6D2D900229164 /* CoutinhoDex.xcdatamodeld in Sources */ = {isa = PBXBuildFile; fileRef = 49B8C18E25E6D2D900229164 /* CoutinhoDex.xcdatamodeld */; };
		49B8C19225E6D2E100229164 /* Assets.xcassets in Resources */ = {isa = PBXBuildFile; fileRef = 49B8C19125E6D2E100229164 /* Assets.xcassets */; };
		49B8C19525E6D2E100229164 /* LaunchScreen.storyboard in Resources */ = {isa = PBXBuildFile; fileRef = 49B8C19325E6D2E100229164 /* LaunchScreen.storyboard */; };
		49B8C1A025E6D2E200229164 /* CoutinhoDexTests.swift in Sources */ = {isa = PBXBuildFile; fileRef = 49B8C19F25E6D2E200229164 /* CoutinhoDexTests.swift */; };
		49B8C1AB25E6D2E200229164 /* CoutinhoDexUITests.swift in Sources */ = {isa = PBXBuildFile; fileRef = 49B8C1AA25E6D2E200229164 /* CoutinhoDexUITests.swift */; };
/* End PBXBuildFile section */

/* Begin PBXContainerItemProxy section */
		49B8C19C25E6D2E100229164 /* PBXContainerItemProxy */ = {
			isa = PBXContainerItemProxy;
			containerPortal = 49B8C17A25E6D2D800229164 /* Project object */;
			proxyType = 1;
			remoteGlobalIDString = 49B8C18125E6D2D900229164;
			remoteInfo = CoutinhoDex;
		};
		49B8C1A725E6D2E200229164 /* PBXContainerItemProxy */ = {
			isa = PBXContainerItemProxy;
			containerPortal = 49B8C17A25E6D2D800229164 /* Project object */;
			proxyType = 1;
			remoteGlobalIDString = 49B8C18125E6D2D900229164;
			remoteInfo = CoutinhoDex;
		};
/* End PBXContainerItemProxy section */

/* Begin PBXFileReference section */
		49B8C18225E6D2D900229164 /* CoutinhoDex.app */ = {isa = PBXFileReference; explicitFileType = wrapper.application; includeInIndex = 0; path = CoutinhoDex.app; sourceTree = BUILT_PRODUCTS_DIR; };
		49B8C18525E6D2D900229164 /* AppDelegate.swift */ = {isa = PBXFileReference; lastKnownFileType = sourcecode.swift; path = AppDelegate.swift; sourceTree = "<group>"; };
		49B8C18725E6D2D900229164 /* SceneDelegate.swift */ = {isa = PBXFileReference; lastKnownFileType = sourcecode.swift; path = SceneDelegate.swift; sourceTree = "<group>"; };
		49B8C18925E6D2D900229164 /* ViewController.swift */ = {isa = PBXFileReference; lastKnownFileType = sourcecode.swift; path = ViewController.swift; sourceTree = "<group>"; };
		49B8C18C25E6D2D900229164 /* Base */ = {isa = PBXFileReference; lastKnownFileType = file.storyboard; name = Base; path = Base.lproj/Main.storyboard; sourceTree = "<group>"; };
		49B8C18F25E6D2D900229164 /* CoutinhoDex.xcdatamodel */ = {isa = PBXFileReference; lastKnownFileType = wrapper.xcdatamodel; path = CoutinhoDex.xcdatamodel; sourceTree = "<group>"; };
		49B8C19125E6D2E100229164 /* Assets.xcassets */ = {isa = PBXFileReference; lastKnownFileType = folder.assetcatalog; path = Assets.xcassets; sourceTree = "<group>"; };
		49B8C19425E6D2E100229164 /* Base */ = {isa = PBXFileReference; lastKnownFileType = file.storyboard; name = Base; path = Base.lproj/LaunchScreen.storyboard; sourceTree = "<group>"; };
		49B8C19625E6D2E100229164 /* Info.plist */ = {isa = PBXFileReference; lastKnownFileType = text.plist.xml; path = Info.plist; sourceTree = "<group>"; };
		49B8C19B25E6D2E100229164 /* CoutinhoDexTests.xctest */ = {isa = PBXFileReference; explicitFileType = wrapper.cfbundle; includeInIndex = 0; path = CoutinhoDexTests.xctest; sourceTree = BUILT_PRODUCTS_DIR; };
		49B8C19F25E6D2E200229164 /* CoutinhoDexTests.swift */ = {isa = PBXFileReference; lastKnownFileType = sourcecode.swift; path = CoutinhoDexTests.swift; sourceTree = "<group>"; };
		49B8C1A125E6D2E200229164 /* Info.plist */ = {isa = PBXFileReference; lastKnownFileType = text.plist.xml; path = Info.plist; sourceTree = "<group>"; };
		49B8C1A625E6D2E200229164 /* CoutinhoDexUITests.xctest */ = {isa = PBXFileReference; explicitFileType = wrapper.cfbundle; includeInIndex = 0; path = CoutinhoDexUITests.xctest; sourceTree = BUILT_PRODUCTS_DIR; };
		49B8C1AA25E6D2E200229164 /* CoutinhoDexUITests.swift */ = {isa = PBXFileReference; lastKnownFileType = sourcecode.swift; path = CoutinhoDexUITests.swift; sourceTree = "<group>"; };
		49B8C1AC25E6D2E200229164 /* Info.plist */ = {isa = PBXFileReference; lastKnownFileType = text.plist.xml; path = Info.plist; sourceTree = "<group>"; };
/* End PBXFileReference section */

/* Begin PBXFrameworksBuildPhase section */
		49B8C17F25E6D2D900229164 /* Frameworks */ = {
			isa = PBXFrameworksBuildPhase;
			buildActionMask = 2147483647;
			files = (
			);
			runOnlyForDeploymentPostprocessing = 0;
		};
		49B8C19825E6D2E100229164 /* Frameworks */ = {
			isa = PBXFrameworksBuildPhase;
			buildActionMask = 2147483647;
			files = (
			);
			runOnlyForDeploymentPostprocessing = 0;
		};
		49B8C1A325E6D2E200229164 /* Frameworks */ = {
			isa = PBXFrameworksBuildPhase;
			buildActionMask = 2147483647;
			files = (
			);
			runOnlyForDeploymentPostprocessing = 0;
		};
/* End PBXFrameworksBuildPhase section */

/* Begin PBXGroup section */
		49B8C17925E6D2D800229164 = {
			isa = PBXGroup;
			children = (
				49B8C18425E6D2D900229164 /* CoutinhoDex */,
				49B8C19E25E6D2E100229164 /* CoutinhoDexTests */,
				49B8C1A925E6D2E200229164 /* CoutinhoDexUITests */,
				49B8C18325E6D2D900229164 /* Products */,
			);
			sourceTree = "<group>";
		};
		49B8C18325E6D2D900229164 /* Products */ = {
			isa = PBXGroup;
			children = (
				49B8C18225E6D2D900229164 /* CoutinhoDex.app */,
				49B8C19B25E6D2E100229164 /* CoutinhoDexTests.xctest */,
				49B8C1A625E6D2E200229164 /* CoutinhoDexUITests.xctest */,
			);
			name = Products;
			sourceTree = "<group>";
		};
		49B8C18425E6D2D900229164 /* CoutinhoDex */ = {
			isa = PBXGroup;
			children = (
				49B8C18525E6D2D900229164 /* AppDelegate.swift */,
				49B8C18725E6D2D900229164 /* SceneDelegate.swift */,
				49B8C18925E6D2D900229164 /* ViewController.swift */,
				49B8C18B25E6D2D900229164 /* Main.storyboard */,
				49B8C19125E6D2E100229164 /* Assets.xcassets */,
				49B8C19325E6D2E100229164 /* LaunchScreen.storyboard */,
				49B8C19625E6D2E100229164 /* Info.plist */,
				49B8C18E25E6D2D900229164 /* CoutinhoDex.xcdatamodeld */,
			);
			path = CoutinhoDex;
			sourceTree = "<group>";
		};
		49B8C19E25E6D2E100229164 /* CoutinhoDexTests */ = {
			isa = PBXGroup;
			children = (
				49B8C19F25E6D2E200229164 /* CoutinhoDexTests.swift */,
				49B8C1A125E6D2E200229164 /* Info.plist */,
			);
			path = CoutinhoDexTests;
			sourceTree = "<group>";
		};
		49B8C1A925E6D2E200229164 /* CoutinhoDexUITests */ = {
			isa = PBXGroup;
			children = (
				49B8C1AA25E6D2E200229164 /* CoutinhoDexUITests.swift */,
				49B8C1AC25E6D2E200229164 /* Info.plist */,
			);
			path = CoutinhoDexUITests;
			sourceTree = "<group>";
		};
/* End PBXGroup section */

/* Begin PBXNativeTarget section */
		49B8C18125E6D2D900229164 /* CoutinhoDex */ = {
			isa = PBXNativeTarget;
			buildConfigurationList = 49B8C1AF25E6D2E200229164 /* Build configuration list for PBXNativeTarget "CoutinhoDex" */;
			buildPhases = (
				49B8C17E25E6D2D900229164 /* Sources */,
				49B8C17F25E6D2D900229164 /* Frameworks */,
				49B8C18025E6D2D900229164 /* Resources */,
			);
			buildRules = (
			);
			dependencies = (
			);
			name = CoutinhoDex;
			productName = CoutinhoDex;
			productReference = 49B8C18225E6D2D900229164 /* CoutinhoDex.app */;
			productType = "com.apple.product-type.application";
		};
		49B8C19A25E6D2E100229164 /* CoutinhoDexTests */ = {
			isa = PBXNativeTarget;
			buildConfigurationList = 49B8C1B225E6D2E200229164 /* Build configuration list for PBXNativeTarget "CoutinhoDexTests" */;
			buildPhases = (
				49B8C19725E6D2E100229164 /* Sources */,
				49B8C19825E6D2E100229164 /* Frameworks */,
				49B8C19925E6D2E100229164 /* Resources */,
			);
			buildRules = (
			);
			dependencies = (
				49B8C19D25E6D2E100229164 /* PBXTargetDependency */,
			);
			name = CoutinhoDexTests;
			productName = CoutinhoDexTests;
			productReference = 49B8C19B25E6D2E100229164 /* CoutinhoDexTests.xctest */;
			productType = "com.apple.product-type.bundle.unit-test";
		};
		49B8C1A525E6D2E200229164 /* CoutinhoDexUITests */ = {
			isa = PBXNativeTarget;
			buildConfigurationList = 49B8C1B525E6D2E200229164 /* Build configuration list for PBXNativeTarget "CoutinhoDexUITests" */;
			buildPhases = (
				49B8C1A225E6D2E200229164 /* Sources */,
				49B8C1A325E6D2E200229164 /* Frameworks */,
				49B8C1A425E6D2E200229164 /* Resources */,
			);
			buildRules = (
			);
			dependencies = (
				49B8C1A825E6D2E200229164 /* PBXTargetDependency */,
			);
			name = CoutinhoDexUITests;
			productName = CoutinhoDexUITests;
			productReference = 49B8C1A625E6D2E200229164 /* CoutinhoDexUITests.xctest */;
			productType = "com.apple.product-type.bundle.ui-testing";
		};
/* End PBXNativeTarget section */

/* Begin PBXProject section */
		49B8C17A25E6D2D800229164 /* Project object */ = {
			isa = PBXProject;
			attributes = {
				LastSwiftUpdateCheck = 1240;
				LastUpgradeCheck = 1240;
				TargetAttributes = {
					49B8C18125E6D2D900229164 = {
						CreatedOnToolsVersion = 12.4;
					};
					49B8C19A25E6D2E100229164 = {
						CreatedOnToolsVersion = 12.4;
						TestTargetID = 49B8C18125E6D2D900229164;
					};
					49B8C1A525E6D2E200229164 = {
						CreatedOnToolsVersion = 12.4;
						TestTargetID = 49B8C18125E6D2D900229164;
					};
				};
			};
			buildConfigurationList = 49B8C17D25E6D2D900229164 /* Build configuration list for PBXProject "CoutinhoDex" */;
			compatibilityVersion = "Xcode 9.3";
			developmentRegion = en;
			hasScannedForEncodings = 0;
			knownRegions = (
				en,
				Base,
			);
			mainGroup = 49B8C17925E6D2D800229164;
			productRefGroup = 49B8C18325E6D2D900229164 /* Products */;
			projectDirPath = "";
			projectRoot = "";
			targets = (
				49B8C18125E6D2D900229164 /* CoutinhoDex */,
				49B8C19A25E6D2E100229164 /* CoutinhoDexTests */,
				49B8C1A525E6D2E200229164 /* CoutinhoDexUITests */,
			);
		};
/* End PBXProject section */

/* Begin PBXResourcesBuildPhase section */
		49B8C18025E6D2D900229164 /* Resources */ = {
			isa = PBXResourcesBuildPhase;
			buildActionMask = 2147483647;
			files = (
				49B8C19525E6D2E100229164 /* LaunchScreen.storyboard in Resources */,
				49B8C19225E6D2E100229164 /* Assets.xcassets in Resources */,
				49B8C18D25E6D2D900229164 /* Main.storyboard in Resources */,
			);
			runOnlyForDeploymentPostprocessing = 0;
		};
		49B8C19925E6D2E100229164 /* Resources */ = {
			isa = PBXResourcesBuildPhase;
			buildActionMask = 2147483647;
			files = (
			);
			runOnlyForDeploymentPostprocessing = 0;
		};
		49B8C1A425E6D2E200229164 /* Resources */ = {
			isa = PBXResourcesBuildPhase;
			buildActionMask = 2147483647;
			files = (
			);
			runOnlyForDeploymentPostprocessing = 0;
		};
/* End PBXResourcesBuildPhase section */

/* Begin PBXSourcesBuildPhase section */
		49B8C17E25E6D2D900229164 /* Sources */ = {
			isa = PBXSourcesBuildPhase;
			buildActionMask = 2147483647;
			files = (
				49B8C18A25E6D2D900229164 /* ViewController.swift in Sources */,
				49B8C18625E6D2D900229164 /* AppDelegate.swift in Sources */,
				49B8C19025E6D2D900229164 /* CoutinhoDex.xcdatamodeld in Sources */,
				49B8C18825E6D2D900229164 /* SceneDelegate.swift in Sources */,
			);
			runOnlyForDeploymentPostprocessing = 0;
		};
		49B8C19725E6D2E100229164 /* Sources */ = {
			isa = PBXSourcesBuildPhase;
			buildActionMask = 2147483647;
			files = (
				49B8C1A025E6D2E200229164 /* CoutinhoDexTests.swift in Sources */,
			);
			runOnlyForDeploymentPostprocessing = 0;
		};
		49B8C1A225E6D2E200229164 /* Sources */ = {
			isa = PBXSourcesBuildPhase;
			buildActionMask = 2147483647;
			files = (
				49B8C1AB25E6D2E200229164 /* CoutinhoDexUITests.swift in Sources */,
			);
			runOnlyForDeploymentPostprocessing = 0;
		};
/* End PBXSourcesBuildPhase section */

/* Begin PBXTargetDependency section */
		49B8C19D25E6D2E100229164 /* PBXTargetDependency */ = {
			isa = PBXTargetDependency;
			target = 49B8C18125E6D2D900229164 /* CoutinhoDex */;
			targetProxy = 49B8C19C25E6D2E100229164 /* PBXContainerItemProxy */;
		};
		49B8C1A825E6D2E200229164 /* PBXTargetDependency */ = {
			isa = PBXTargetDependency;
			target = 49B8C18125E6D2D900229164 /* CoutinhoDex */;
			targetProxy = 49B8C1A725E6D2E200229164 /* PBXContainerItemProxy */;
		};
/* End PBXTargetDependency section */

/* Begin PBXVariantGroup section */
		49B8C18B25E6D2D900229164 /* Main.storyboard */ = {
			isa = PBXVariantGroup;
			children = (
				49B8C18C25E6D2D900229164 /* Base */,
			);
			name = Main.storyboard;
			sourceTree = "<group>";
		};
		49B8C19325E6D2E100229164 /* LaunchScreen.storyboard */ = {
			isa = PBXVariantGroup;
			children = (
				49B8C19425E6D2E100229164 /* Base */,
			);
			name = LaunchScreen.storyboard;
			sourceTree = "<group>";
		};
/* End PBXVariantGroup section */

/* Begin XCBuildConfiguration section */
		49B8C1AD25E6D2E200229164 /* Debug */ = {
			isa = XCBuildConfiguration;
			buildSettings = {
				ALWAYS_SEARCH_USER_PATHS = NO;
				CLANG_ANALYZER_NONNULL = YES;
				CLANG_ANALYZER_NUMBER_OBJECT_CONVERSION = YES_AGGRESSIVE;
				CLANG_CXX_LANGUAGE_STANDARD = "gnu++14";
				CLANG_CXX_LIBRARY = "libc++";
				CLANG_ENABLE_MODULES = YES;
				CLANG_ENABLE_OBJC_ARC = YES;
				CLANG_ENABLE_OBJC_WEAK = YES;
				CLANG_WARN_BLOCK_CAPTURE_AUTORELEASING = YES;
				CLANG_WARN_BOOL_CONVERSION = YES;
				CLANG_WARN_COMMA = YES;
				CLANG_WARN_CONSTANT_CONVERSION = YES;
				CLANG_WARN_DEPRECATED_OBJC_IMPLEMENTATIONS = YES;
				CLANG_WARN_DIRECT_OBJC_ISA_USAGE = YES_ERROR;
				CLANG_WARN_DOCUMENTATION_COMMENTS = YES;
				CLANG_WARN_EMPTY_BODY = YES;
				CLANG_WARN_ENUM_CONVERSION = YES;
				CLANG_WARN_INFINITE_RECURSION = YES;
				CLANG_WARN_INT_CONVERSION = YES;
				CLANG_WARN_NON_LITERAL_NULL_CONVERSION = YES;
				CLANG_WARN_OBJC_IMPLICIT_RETAIN_SELF = YES;
				CLANG_WARN_OBJC_LITERAL_CONVERSION = YES;
				CLANG_WARN_OBJC_ROOT_CLASS = YES_ERROR;
				CLANG_WARN_QUOTED_INCLUDE_IN_FRAMEWORK_HEADER = YES;
				CLANG_WARN_RANGE_LOOP_ANALYSIS = YES;
				CLANG_WARN_STRICT_PROTOTYPES = YES;
				CLANG_WARN_SUSPICIOUS_MOVE = YES;
				CLANG_WARN_UNGUARDED_AVAILABILITY = YES_AGGRESSIVE;
				CLANG_WARN_UNREACHABLE_CODE = YES;
				CLANG_WARN__DUPLICATE_METHOD_MATCH = YES;
				COPY_PHASE_STRIP = NO;
				DEBUG_INFORMATION_FORMAT = dwarf;
				ENABLE_STRICT_OBJC_MSGSEND = YES;
				ENABLE_TESTABILITY = YES;
				GCC_C_LANGUAGE_STANDARD = gnu11;
				GCC_DYNAMIC_NO_PIC = NO;
				GCC_NO_COMMON_BLOCKS = YES;
				GCC_OPTIMIZATION_LEVEL = 0;
				GCC_PREPROCESSOR_DEFINITIONS = (
					"DEBUG=1",
					"$(inherited)",
				);
				GCC_WARN_64_TO_32_BIT_CONVERSION = YES;
				GCC_WARN_ABOUT_RETURN_TYPE = YES_ERROR;
				GCC_WARN_UNDECLARED_SELECTOR = YES;
				GCC_WARN_UNINITIALIZED_AUTOS = YES_AGGRESSIVE;
				GCC_WARN_UNUSED_FUNCTION = YES;
				GCC_WARN_UNUSED_VARIABLE = YES;
				IPHONEOS_DEPLOYMENT_TARGET = 14.4;
				MTL_ENABLE_DEBUG_INFO = INCLUDE_SOURCE;
				MTL_FAST_MATH = YES;
				ONLY_ACTIVE_ARCH = YES;
				SDKROOT = iphoneos;
				SWIFT_ACTIVE_COMPILATION_CONDITIONS = DEBUG;
				SWIFT_OPTIMIZATION_LEVEL = "-Onone";
			};
			name = Debug;
		};
		49B8C1AE25E6D2E200229164 /* Release */ = {
			isa = XCBuildConfiguration;
			buildSettings = {
				ALWAYS_SEARCH_USER_PATHS = NO;
				CLANG_ANALYZER_NONNULL = YES;
				CLANG_ANALYZER_NUMBER_OBJECT_CONVERSION = YES_AGGRESSIVE;
				CLANG_CXX_LANGUAGE_STANDARD = "gnu++14";
				CLANG_CXX_LIBRARY = "libc++";
				CLANG_ENABLE_MODULES = YES;
				CLANG_ENABLE_OBJC_ARC = YES;
				CLANG_ENABLE_OBJC_WEAK = YES;
				CLANG_WARN_BLOCK_CAPTURE_AUTORELEASING = YES;
				CLANG_WARN_BOOL_CONVERSION = YES;
				CLANG_WARN_COMMA = YES;
				CLANG_WARN_CONSTANT_CONVERSION = YES;
				CLANG_WARN_DEPRECATED_OBJC_IMPLEMENTATIONS = YES;
				CLANG_WARN_DIRECT_OBJC_ISA_USAGE = YES_ERROR;
				CLANG_WARN_DOCUMENTATION_COMMENTS = YES;
				CLANG_WARN_EMPTY_BODY = YES;
				CLANG_WARN_ENUM_CONVERSION = YES;
				CLANG_WARN_INFINITE_RECURSION = YES;
				CLANG_WARN_INT_CONVERSION = YES;
				CLANG_WARN_NON_LITERAL_NULL_CONVERSION = YES;
				CLANG_WARN_OBJC_IMPLICIT_RETAIN_SELF = YES;
				CLANG_WARN_OBJC_LITERAL_CONVERSION = YES;
				CLANG_WARN_OBJC_ROOT_CLASS = YES_ERROR;
				CLANG_WARN_QUOTED_INCLUDE_IN_FRAMEWORK_HEADER = YES;
				CLANG_WARN_RANGE_LOOP_ANALYSIS = YES;
				CLANG_WARN_STRICT_PROTOTYPES = YES;
				CLANG_WARN_SUSPICIOUS_MOVE = YES;
				CLANG_WARN_UNGUARDED_AVAILABILITY = YES_AGGRESSIVE;
				CLANG_WARN_UNREACHABLE_CODE = YES;
				CLANG_WARN__DUPLICATE_METHOD_MATCH = YES;
				COPY_PHASE_STRIP = NO;
				DEBUG_INFORMATION_FORMAT = "dwarf-with-dsym";
				ENABLE_NS_ASSERTIONS = NO;
				ENABLE_STRICT_OBJC_MSGSEND = YES;
				GCC_C_LANGUAGE_STANDARD = gnu11;
				GCC_NO_COMMON_BLOCKS = YES;
				GCC_WARN_64_TO_32_BIT_CONVERSION = YES;
				GCC_WARN_ABOUT_RETURN_TYPE = YES_ERROR;
				GCC_WARN_UNDECLARED_SELECTOR = YES;
				GCC_WARN_UNINITIALIZED_AUTOS = YES_AGGRESSIVE;
				GCC_WARN_UNUSED_FUNCTION = YES;
				GCC_WARN_UNUSED_VARIABLE = YES;
				IPHONEOS_DEPLOYMENT_TARGET = 14.4;
				MTL_ENABLE_DEBUG_INFO = NO;
				MTL_FAST_MATH = YES;
				SDKROOT = iphoneos;
				SWIFT_COMPILATION_MODE = wholemodule;
				SWIFT_OPTIMIZATION_LEVEL = "-O";
				VALIDATE_PRODUCT = YES;
			};
			name = Release;
		};
		49B8C1B025E6D2E200229164 /* Debug */ = {
			isa = XCBuildConfiguration;
			buildSettings = {
				ASSETCATALOG_COMPILER_APPICON_NAME = AppIcon;
				ASSETCATALOG_COMPILER_GLOBAL_ACCENT_COLOR_NAME = AccentColor;
				CODE_SIGN_STYLE = Automatic;
				DEVELOPMENT_TEAM = N5VZ2D4W9H;
				INFOPLIST_FILE = CoutinhoDex/Info.plist;
				LD_RUNPATH_SEARCH_PATHS = (
					"$(inherited)",
					"@executable_path/Frameworks",
				);
				PRODUCT_BUNDLE_IDENTIFIER = dev.coutinho.CoutinhoDex;
				PRODUCT_NAME = "$(TARGET_NAME)";
				SWIFT_VERSION = 5.0;
				TARGETED_DEVICE_FAMILY = "1,2";
			};
			name = Debug;
		};
		49B8C1B125E6D2E200229164 /* Release */ = {
			isa = XCBuildConfiguration;
			buildSettings = {
				ASSETCATALOG_COMPILER_APPICON_NAME = AppIcon;
				ASSETCATALOG_COMPILER_GLOBAL_ACCENT_COLOR_NAME = AccentColor;
				CODE_SIGN_STYLE = Automatic;
				DEVELOPMENT_TEAM = N5VZ2D4W9H;
				INFOPLIST_FILE = CoutinhoDex/Info.plist;
				LD_RUNPATH_SEARCH_PATHS = (
					"$(inherited)",
					"@executable_path/Frameworks",
				);
				PRODUCT_BUNDLE_IDENTIFIER = dev.coutinho.CoutinhoDex;
				PRODUCT_NAME = "$(TARGET_NAME)";
				SWIFT_VERSION = 5.0;
				TARGETED_DEVICE_FAMILY = "1,2";
			};
			name = Release;
		};
		49B8C1B325E6D2E200229164 /* Debug */ = {
			isa = XCBuildConfiguration;
			buildSettings = {
				ALWAYS_EMBED_SWIFT_STANDARD_LIBRARIES = YES;
				BUNDLE_LOADER = "$(TEST_HOST)";
				CODE_SIGN_STYLE = Automatic;
				DEVELOPMENT_TEAM = N5VZ2D4W9H;
				INFOPLIST_FILE = CoutinhoDexTests/Info.plist;
				IPHONEOS_DEPLOYMENT_TARGET = 14.4;
				LD_RUNPATH_SEARCH_PATHS = (
					"$(inherited)",
					"@executable_path/Frameworks",
					"@loader_path/Frameworks",
				);
				PRODUCT_BUNDLE_IDENTIFIER = dev.coutinho.CoutinhoDexTests;
				PRODUCT_NAME = "$(TARGET_NAME)";
				SWIFT_VERSION = 5.0;
				TARGETED_DEVICE_FAMILY = "1,2";
				TEST_HOST = "$(BUILT_PRODUCTS_DIR)/CoutinhoDex.app/CoutinhoDex";
			};
			name = Debug;
		};
		49B8C1B425E6D2E200229164 /* Release */ = {
			isa = XCBuildConfiguration;
			buildSettings = {
				ALWAYS_EMBED_SWIFT_STANDARD_LIBRARIES = YES;
				BUNDLE_LOADER = "$(TEST_HOST)";
				CODE_SIGN_STYLE = Automatic;
				DEVELOPMENT_TEAM = N5VZ2D4W9H;
				INFOPLIST_FILE = CoutinhoDexTests/Info.plist;
				IPHONEOS_DEPLOYMENT_TARGET = 14.4;
				LD_RUNPATH_SEARCH_PATHS = (
					"$(inherited)",
					"@executable_path/Frameworks",
					"@loader_path/Frameworks",
				);
				PRODUCT_BUNDLE_IDENTIFIER = dev.coutinho.CoutinhoDexTests;
				PRODUCT_NAME = "$(TARGET_NAME)";
				SWIFT_VERSION = 5.0;
				TARGETED_DEVICE_FAMILY = "1,2";
				TEST_HOST = "$(BUILT_PRODUCTS_DIR)/CoutinhoDex.app/CoutinhoDex";
			};
			name = Release;
		};
		49B8C1B625E6D2E200229164 /* Debug */ = {
			isa = XCBuildConfiguration;
			buildSettings = {
				ALWAYS_EMBED_SWIFT_STANDARD_LIBRARIES = YES;
				CODE_SIGN_STYLE = Automatic;
				DEVELOPMENT_TEAM = N5VZ2D4W9H;
				INFOPLIST_FILE = CoutinhoDexUITests/Info.plist;
				LD_RUNPATH_SEARCH_PATHS = (
					"$(inherited)",
					"@executable_path/Frameworks",
					"@loader_path/Frameworks",
				);
				PRODUCT_BUNDLE_IDENTIFIER = dev.coutinho.CoutinhoDexUITests;
				PRODUCT_NAME = "$(TARGET_NAME)";
				SWIFT_VERSION = 5.0;
				TARGETED_DEVICE_FAMILY = "1,2";
				TEST_TARGET_NAME = CoutinhoDex;
			};
			name = Debug;
		};
		49B8C1B725E6D2E200229164 /* Release */ = {
			isa = XCBuildConfiguration;
			buildSettings = {
				ALWAYS_EMBED_SWIFT_STANDARD_LIBRARIES = YES;
				CODE_SIGN_STYLE = Automatic;
				DEVELOPMENT_TEAM = N5VZ2D4W9H;
				INFOPLIST_FILE = CoutinhoDexUITests/Info.plist;
				LD_RUNPATH_SEARCH_PATHS = (
					"$(inherited)",
					"@executable_path/Frameworks",
					"@loader_path/Frameworks",
				);
				PRODUCT_BUNDLE_IDENTIFIER = dev.coutinho.CoutinhoDexUITests;
				PRODUCT_NAME = "$(TARGET_NAME)";
				SWIFT_VERSION = 5.0;
				TARGETED_DEVICE_FAMILY = "1,2";
				TEST_TARGET_NAME = CoutinhoDex;
			};
			name = Release;
		};
/* End XCBuildConfiguration section */

/* Begin XCConfigurationList section */
		49B8C17D25E6D2D900229164 /* Build configuration list for PBXProject "CoutinhoDex" */ = {
			isa = XCConfigurationList;
			buildConfigurations = (
				49B8C1AD25E6D2E200229164 /* Debug */,
				49B8C1AE25E6D2E200229164 /* Release */,
			);
			defaultConfigurationIsVisible = 0;
			defaultConfigurationName = Release;
		};
		49B8C1AF25E6D2E200229164 /* Build configuration list for PBXNativeTarget "CoutinhoDex" */ = {
			isa = XCConfigurationList;
			buildConfigurations = (
				49B8C1B025E6D2E200229164 /* Debug */,
				49B8C1B125E6D2E200229164 /* Release */,
			);
			defaultConfigurationIsVisible = 0;
			defaultConfigurationName = Release;
		};
		49B8C1B225E6D2E200229164 /* Build configuration list for PBXNativeTarget "CoutinhoDexTests" */ = {
			isa = XCConfigurationList;
			buildConfigurations = (
				49B8C1B325E6D2E200229164 /* Debug */,
				49B8C1B425E6D2E200229164 /* Release */,
			);
			defaultConfigurationIsVisible = 0;
			defaultConfigurationName = Release;
		};
		49B8C1B525E6D2E200229164 /* Build configuration list for PBXNativeTarget "CoutinhoDexUITests" */ = {
			isa = XCConfigurationList;
			buildConfigurations = (
				49B8C1B625E6D2E200229164 /* Debug */,
				49B8C1B725E6D2E200229164 /* Release */,
			);
			defaultConfigurationIsVisible = 0;
			defaultConfigurationName = Release;
		};
/* End XCConfigurationList section */

/* Begin XCVersionGroup section */
		49B8C18E25E6D2D900229164 /* CoutinhoDex.xcdatamodeld */ = {
			isa = XCVersionGroup;
			children = (
				49B8C18F25E6D2D900229164 /* CoutinhoDex.xcdatamodel */,
			);
			currentVersion = 49B8C18F25E6D2D900229164 /* CoutinhoDex.xcdatamodel */;
			path = CoutinhoDex.xcdatamodeld;
			sourceTree = "<group>";
			versionGroupType = wrapper.xcdatamodel;
		};
/* End XCVersionGroup section */
	};
	rootObject = 49B8C17A25E6D2D800229164 /* Project object */;
}
